
Microsoft Visual Studio Solution File, Format Version 12.00
# Visual Studio Version 17
VisualStudioVersion = 17.9.34728.123
MinimumVisualStudioVersion = 10.0.40219.1
Project("{FAE04EC0-301F-11D3-BF4B-00C04F79EFBC}") = "OmnisientTest.Server", "OmnisientTest.Server\OmnisientTest.Server.csproj", "{B0D43523-14B7-4F24-B966-94ED3D37D1D5}"
EndProject
Project("{54A90642-561A-4BB1-A94E-469ADEE60C69}") = "omnisienttest.client", "omnisienttest.client\omnisienttest.client.esproj", "{06D99805-9555-4E1E-9EC5-35F8EA68127E}"
EndProject
Global
	GlobalSection(SolutionConfigurationPlatforms) = preSolution
		Debug|Any CPU = Debug|Any CPU
		Release|Any CPU = Release|Any CPU
	EndGlobalSection
	GlobalSection(ProjectConfigurationPlatforms) = postSolution
		{B0D43523-14B7-4F24-B966-94ED3D37D1D5}.Debug|Any CPU.ActiveCfg = Debug|Any CPU
		{B0D43523-14B7-4F24-B966-94ED3D37D1D5}.Debug|Any CPU.Build.0 = Debug|Any CPU
		{B0D43523-14B7-4F24-B966-94ED3D37D1D5}.Release|Any CPU.ActiveCfg = Release|Any CPU
		{B0D43523-14B7-4F24-B966-94ED3D37D1D5}.Release|Any CPU.Build.0 = Release|Any CPU
		{06D99805-9555-4E1E-9EC5-35F8EA68127E}.Debug|Any CPU.ActiveCfg = Debug|Any CPU
		{06D99805-9555-4E1E-9EC5-35F8EA68127E}.Debug|Any CPU.Build.0 = Debug|Any CPU
		{06D99805-9555-4E1E-9EC5-35F8EA68127E}.Debug|Any CPU.Deploy.0 = Debug|Any CPU
		{06D99805-9555-4E1E-9EC5-35F8EA68127E}.Release|Any CPU.ActiveCfg = Release|Any CPU
		{06D99805-9555-4E1E-9EC5-35F8EA68127E}.Release|Any CPU.Build.0 = Release|Any CPU
		{06D99805-9555-4E1E-9EC5-35F8EA68127E}.Release|Any CPU.Deploy.0 = Release|Any CPU
	EndGlobalSection
	GlobalSection(SolutionProperties) = preSolution
		HideSolutionNode = FALSE
	EndGlobalSection
	GlobalSection(ExtensibilityGlobals) = postSolution
		SolutionGuid = {B50FA87D-C139-47B2-92DE-738551BFFFC7}
	EndGlobalSection
EndGlobal
